
Microsoft Visual Studio Solution File, Format Version 12.00
# Visual Studio Version 17
VisualStudioVersion = 17.5.33516.290
MinimumVisualStudioVersion = 10.0.40219.1
Project("{9A19103F-16F7-4668-BE54-9A1E7A4F7556}") = "PokemonApi", "PokemonApi.csproj", "{9EC1C209-A5E7-4D7C-ACA0-4CBB7D86CF1D}"
EndProject
Global
	GlobalSection(SolutionConfigurationPlatforms) = preSolution
		Debug|Any CPU = Debug|Any CPU
		Release|Any CPU = Release|Any CPU
		XML documentation file|Any CPU = XML documentation file|Any CPU
	EndGlobalSection
	GlobalSection(ProjectConfigurationPlatforms) = postSolution
		{9EC1C209-A5E7-4D7C-ACA0-4CBB7D86CF1D}.Debug|Any CPU.ActiveCfg = Debug|Any CPU
		{9EC1C209-A5E7-4D7C-ACA0-4CBB7D86CF1D}.Debug|Any CPU.Build.0 = Debug|Any CPU
		{9EC1C209-A5E7-4D7C-ACA0-4CBB7D86CF1D}.Release|Any CPU.ActiveCfg = Release|Any CPU
		{9EC1C209-A5E7-4D7C-ACA0-4CBB7D86CF1D}.Release|Any CPU.Build.0 = Release|Any CPU
		{9EC1C209-A5E7-4D7C-ACA0-4CBB7D86CF1D}.XML documentation file|Any CPU.ActiveCfg = XML documentation file|Any CPU
		{9EC1C209-A5E7-4D7C-ACA0-4CBB7D86CF1D}.XML documentation file|Any CPU.Build.0 = XML documentation file|Any CPU
	EndGlobalSection
	GlobalSection(SolutionProperties) = preSolution
		HideSolutionNode = FALSE
	EndGlobalSection
	GlobalSection(ExtensibilityGlobals) = postSolution
		SolutionGuid = {85B70D53-0C2A-48C5-A9AA-91FA010149DA}
	EndGlobalSection
EndGlobal
